{
  "requires": true,
  "lockfileVersion": 1,
  "dependencies": {
    "leaflet-event-forwarder": {
      "version": "0.0.3",
      "resolved": "https://registry.npmjs.org/leaflet-event-forwarder/-/leaflet-event-forwarder-0.0.3.tgz",
      "integrity": "sha512-vLBZTtnjCODq9vaY9E9OxPPqU6AJMKuOt7pw+D7RZ0EPG92W8JfA1F/l7M1M++h3ByypMidkmKNfCFfEkWjuVw=="
    }
  }
}
